
Microsoft Visual Studio Solution File, Format Version 12.00
# Visual Studio 14
VisualStudioVersion = 14.0.25420.1
MinimumVisualStudioVersion = 10.0.40219.1
Project("{FAE04EC0-301F-11D3-BF4B-00C04F79EFBC}") = "Nostradamus", "Nostradamus\Nostradamus.csproj", "{31036211-2395-49D7-A298-F9AB161C8693}"
EndProject
Project("{FAE04EC0-301F-11D3-BF4B-00C04F79EFBC}") = "NostradamusTests", "NostradamusTests\NostradamusTests.csproj", "{CAB61849-E950-495B-898B-165874E5556C}"
EndProject
Global
	GlobalSection(SolutionConfigurationPlatforms) = preSolution
		Debug|Any CPU = Debug|Any CPU
		Release|Any CPU = Release|Any CPU
	EndGlobalSection
	GlobalSection(ProjectConfigurationPlatforms) = postSolution
		{31036211-2395-49D7-A298-F9AB161C8693}.Debug|Any CPU.ActiveCfg = Debug|Any CPU
		{31036211-2395-49D7-A298-F9AB161C8693}.Debug|Any CPU.Build.0 = Debug|Any CPU
		{31036211-2395-49D7-A298-F9AB161C8693}.Release|Any CPU.ActiveCfg = Release|Any CPU
		{31036211-2395-49D7-A298-F9AB161C8693}.Release|Any CPU.Build.0 = Release|Any CPU
		{CAB61849-E950-495B-898B-165874E5556C}.Debug|Any CPU.ActiveCfg = Debug|Any CPU
		{CAB61849-E950-495B-898B-165874E5556C}.Debug|Any CPU.Build.0 = Debug|Any CPU
		{CAB61849-E950-495B-898B-165874E5556C}.Release|Any CPU.ActiveCfg = Release|Any CPU
		{CAB61849-E950-495B-898B-165874E5556C}.Release|Any CPU.Build.0 = Release|Any CPU
	EndGlobalSection
	GlobalSection(SolutionProperties) = preSolution
		HideSolutionNode = FALSE
	EndGlobalSection
EndGlobal
