
Microsoft Visual Studio Solution File, Format Version 12.00
# Visual Studio 14
VisualStudioVersion = 14.0.25420.1
MinimumVisualStudioVersion = 10.0.40219.1
Project("{FAE04EC0-301F-11D3-BF4B-00C04F79EFBC}") = "Nostradamus", "Nostradamus\Nostradamus.csproj", "{31036211-2395-49D7-A298-F9AB161C8693}"
EndProject
Project("{FAE04EC0-301F-11D3-BF4B-00C04F79EFBC}") = "NostradamusTests", "NostradamusTests\NostradamusTests.csproj", "{CAB61849-E950-495B-898B-165874E5556C}"
EndProject
Project("{FAE04EC0-301F-11D3-BF4B-00C04F79EFBC}") = "NostradamusExamples", "NostradamusExamples\NostradamusExamples.csproj", "{FA223692-059E-4590-ACB6-00007BE2DE2D}"
EndProject
Global
	GlobalSection(SolutionConfigurationPlatforms) = preSolution
		Debug|x64 = Debug|x64
		Debug|x86 = Debug|x86
		Release|x64 = Release|x64
		Release|x86 = Release|x86
	EndGlobalSection
	GlobalSection(ProjectConfigurationPlatforms) = postSolution
		{31036211-2395-49D7-A298-F9AB161C8693}.Debug|x64.ActiveCfg = Debug|x64
		{31036211-2395-49D7-A298-F9AB161C8693}.Debug|x64.Build.0 = Debug|x64
		{31036211-2395-49D7-A298-F9AB161C8693}.Debug|x86.ActiveCfg = Debug|x86
		{31036211-2395-49D7-A298-F9AB161C8693}.Debug|x86.Build.0 = Debug|x86
		{31036211-2395-49D7-A298-F9AB161C8693}.Release|x64.ActiveCfg = Release|x64
		{31036211-2395-49D7-A298-F9AB161C8693}.Release|x64.Build.0 = Release|x64
		{31036211-2395-49D7-A298-F9AB161C8693}.Release|x86.ActiveCfg = Release|x86
		{31036211-2395-49D7-A298-F9AB161C8693}.Release|x86.Build.0 = Release|x86
		{CAB61849-E950-495B-898B-165874E5556C}.Debug|x64.ActiveCfg = Debug|x64
		{CAB61849-E950-495B-898B-165874E5556C}.Debug|x64.Build.0 = Debug|x64
		{CAB61849-E950-495B-898B-165874E5556C}.Debug|x86.ActiveCfg = Debug|x86
		{CAB61849-E950-495B-898B-165874E5556C}.Debug|x86.Build.0 = Debug|x86
		{CAB61849-E950-495B-898B-165874E5556C}.Release|x64.ActiveCfg = Release|x64
		{CAB61849-E950-495B-898B-165874E5556C}.Release|x64.Build.0 = Release|x64
		{CAB61849-E950-495B-898B-165874E5556C}.Release|x86.ActiveCfg = Release|x86
		{CAB61849-E950-495B-898B-165874E5556C}.Release|x86.Build.0 = Release|x86
		{FA223692-059E-4590-ACB6-00007BE2DE2D}.Debug|x64.ActiveCfg = Debug|x64
		{FA223692-059E-4590-ACB6-00007BE2DE2D}.Debug|x64.Build.0 = Debug|x64
		{FA223692-059E-4590-ACB6-00007BE2DE2D}.Debug|x86.ActiveCfg = Debug|x86
		{FA223692-059E-4590-ACB6-00007BE2DE2D}.Debug|x86.Build.0 = Debug|x86
		{FA223692-059E-4590-ACB6-00007BE2DE2D}.Release|x64.ActiveCfg = Release|x64
		{FA223692-059E-4590-ACB6-00007BE2DE2D}.Release|x64.Build.0 = Release|x64
		{FA223692-059E-4590-ACB6-00007BE2DE2D}.Release|x86.ActiveCfg = Release|x86
		{FA223692-059E-4590-ACB6-00007BE2DE2D}.Release|x86.Build.0 = Release|x86
	EndGlobalSection
	GlobalSection(SolutionProperties) = preSolution
		HideSolutionNode = FALSE
	EndGlobalSection
EndGlobal
